
Microsoft Visual Studio Solution File, Format Version 11.00
# Visual Studio 2010
Project("{2150E333-8FDC-42A3-9474-1A3956D46DE8}") = "Portal", "Portal", "{F820F405-945D-4D2B-9F7D-9F153E551123}"
EndProject
Project("{2150E333-8FDC-42A3-9474-1A3956D46DE8}") = "Common", "Common", "{6C630EF9-BA97-4AAD-9D77-B47B4DEC0D23}"
EndProject
Project("{FAE04EC0-301F-11D3-BF4B-00C04F79EFBC}") = "AdminPortal", "AdminPortal\AdminPortal.csproj", "{7EDFA348-B24D-4E45-824C-BE5554073E07}"
EndProject
Project("{FAE04EC0-301F-11D3-BF4B-00C04F79EFBC}") = "CommonFunction", "Common\CommonFunction.csproj", "{D5BC8A0B-26F8-44D4-8051-5E37421AA7B7}"
EndProject
Project("{FAE04EC0-301F-11D3-BF4B-00C04F79EFBC}") = "TestConsoleApp", "TestConsoleApp\TestConsoleApp.csproj", "{458BF1B9-3044-4A01-BEA0-755F9A5C05A3}"
EndProject
Project("{FAE04EC0-301F-11D3-BF4B-00C04F79EFBC}") = "IDAL", "IDAL\IDAL.csproj", "{AF9B2A41-B972-4EE9-8F6B-1A92AD4E45EA}"
EndProject
Project("{FAE04EC0-301F-11D3-BF4B-00C04F79EFBC}") = "LinqDataModel", "LinqDataModel\LinqDataModel.csproj", "{90A98521-5842-4639-8738-F63D494CBC27}"
EndProject
Project("{FAE04EC0-301F-11D3-BF4B-00C04F79EFBC}") = "LinqToSqlServerDAL", "LinqToSqlServerDAL\LinqToSqlServerDAL.csproj", "{D4169977-D8B2-4EA1-9444-EF66E17A6F58}"
EndProject
Project("{FAE04EC0-301F-11D3-BF4B-00C04F79EFBC}") = "BLL", "BLL\BLL.csproj", "{3E91556C-A024-40B0-91BC-A536F689A378}"
EndProject
Global
	GlobalSection(SolutionConfigurationPlatforms) = preSolution
		Debug|Any CPU = Debug|Any CPU
		Debug|x64 = Debug|x64
		Debug|x86 = Debug|x86
		Release|Any CPU = Release|Any CPU
		Release|x64 = Release|x64
		Release|x86 = Release|x86
	EndGlobalSection
	GlobalSection(ProjectConfigurationPlatforms) = postSolution
		{7EDFA348-B24D-4E45-824C-BE5554073E07}.Debug|Any CPU.ActiveCfg = Debug|Any CPU
		{7EDFA348-B24D-4E45-824C-BE5554073E07}.Debug|Any CPU.Build.0 = Debug|Any CPU
		{7EDFA348-B24D-4E45-824C-BE5554073E07}.Debug|x64.ActiveCfg = Debug|Any CPU
		{7EDFA348-B24D-4E45-824C-BE5554073E07}.Debug|x86.ActiveCfg = Debug|x86
		{7EDFA348-B24D-4E45-824C-BE5554073E07}.Debug|x86.Build.0 = Debug|x86
		{7EDFA348-B24D-4E45-824C-BE5554073E07}.Release|Any CPU.ActiveCfg = Release|Any CPU
		{7EDFA348-B24D-4E45-824C-BE5554073E07}.Release|Any CPU.Build.0 = Release|Any CPU
		{7EDFA348-B24D-4E45-824C-BE5554073E07}.Release|x64.ActiveCfg = Release|x86
		{7EDFA348-B24D-4E45-824C-BE5554073E07}.Release|x86.ActiveCfg = Release|x86
		{7EDFA348-B24D-4E45-824C-BE5554073E07}.Release|x86.Build.0 = Release|x86
		{D5BC8A0B-26F8-44D4-8051-5E37421AA7B7}.Debug|Any CPU.ActiveCfg = Debug|Any CPU
		{D5BC8A0B-26F8-44D4-8051-5E37421AA7B7}.Debug|Any CPU.Build.0 = Debug|Any CPU
		{D5BC8A0B-26F8-44D4-8051-5E37421AA7B7}.Debug|x64.ActiveCfg = Debug|Any CPU
		{D5BC8A0B-26F8-44D4-8051-5E37421AA7B7}.Debug|x86.ActiveCfg = Debug|x86
		{D5BC8A0B-26F8-44D4-8051-5E37421AA7B7}.Debug|x86.Build.0 = Debug|x86
		{D5BC8A0B-26F8-44D4-8051-5E37421AA7B7}.Release|Any CPU.ActiveCfg = Release|Any CPU
		{D5BC8A0B-26F8-44D4-8051-5E37421AA7B7}.Release|Any CPU.Build.0 = Release|Any CPU
		{D5BC8A0B-26F8-44D4-8051-5E37421AA7B7}.Release|x64.ActiveCfg = Release|Any CPU
		{D5BC8A0B-26F8-44D4-8051-5E37421AA7B7}.Release|x86.ActiveCfg = Release|x86
		{D5BC8A0B-26F8-44D4-8051-5E37421AA7B7}.Release|x86.Build.0 = Release|x86
		{458BF1B9-3044-4A01-BEA0-755F9A5C05A3}.Debug|Any CPU.ActiveCfg = Debug|Any CPU
		{458BF1B9-3044-4A01-BEA0-755F9A5C05A3}.Debug|Any CPU.Build.0 = Debug|Any CPU
		{458BF1B9-3044-4A01-BEA0-755F9A5C05A3}.Debug|x64.ActiveCfg = Debug|Any CPU
		{458BF1B9-3044-4A01-BEA0-755F9A5C05A3}.Debug|x86.ActiveCfg = Debug|Any CPU
		{458BF1B9-3044-4A01-BEA0-755F9A5C05A3}.Release|Any CPU.ActiveCfg = Release|Any CPU
		{458BF1B9-3044-4A01-BEA0-755F9A5C05A3}.Release|Any CPU.Build.0 = Release|Any CPU
		{458BF1B9-3044-4A01-BEA0-755F9A5C05A3}.Release|x64.ActiveCfg = Release|Any CPU
		{458BF1B9-3044-4A01-BEA0-755F9A5C05A3}.Release|x86.ActiveCfg = Release|Any CPU
		{AF9B2A41-B972-4EE9-8F6B-1A92AD4E45EA}.Debug|Any CPU.ActiveCfg = Debug|Any CPU
		{AF9B2A41-B972-4EE9-8F6B-1A92AD4E45EA}.Debug|Any CPU.Build.0 = Debug|Any CPU
		{AF9B2A41-B972-4EE9-8F6B-1A92AD4E45EA}.Debug|x64.ActiveCfg = Debug|Any CPU
		{AF9B2A41-B972-4EE9-8F6B-1A92AD4E45EA}.Debug|x86.ActiveCfg = Debug|Any CPU
		{AF9B2A41-B972-4EE9-8F6B-1A92AD4E45EA}.Release|Any CPU.ActiveCfg = Release|Any CPU
		{AF9B2A41-B972-4EE9-8F6B-1A92AD4E45EA}.Release|Any CPU.Build.0 = Release|Any CPU
		{AF9B2A41-B972-4EE9-8F6B-1A92AD4E45EA}.Release|x64.ActiveCfg = Release|Any CPU
		{AF9B2A41-B972-4EE9-8F6B-1A92AD4E45EA}.Release|x86.ActiveCfg = Release|Any CPU
		{90A98521-5842-4639-8738-F63D494CBC27}.Debug|Any CPU.ActiveCfg = Debug|Any CPU
		{90A98521-5842-4639-8738-F63D494CBC27}.Debug|Any CPU.Build.0 = Debug|Any CPU
		{90A98521-5842-4639-8738-F63D494CBC27}.Debug|x64.ActiveCfg = Debug|Any CPU
		{90A98521-5842-4639-8738-F63D494CBC27}.Debug|x86.ActiveCfg = Debug|Any CPU
		{90A98521-5842-4639-8738-F63D494CBC27}.Release|Any CPU.ActiveCfg = Release|Any CPU
		{90A98521-5842-4639-8738-F63D494CBC27}.Release|Any CPU.Build.0 = Release|Any CPU
		{90A98521-5842-4639-8738-F63D494CBC27}.Release|x64.ActiveCfg = Release|Any CPU
		{90A98521-5842-4639-8738-F63D494CBC27}.Release|x86.ActiveCfg = Release|Any CPU
		{D4169977-D8B2-4EA1-9444-EF66E17A6F58}.Debug|Any CPU.ActiveCfg = Debug|Any CPU
		{D4169977-D8B2-4EA1-9444-EF66E17A6F58}.Debug|Any CPU.Build.0 = Debug|Any CPU
		{D4169977-D8B2-4EA1-9444-EF66E17A6F58}.Debug|x64.ActiveCfg = Debug|Any CPU
		{D4169977-D8B2-4EA1-9444-EF66E17A6F58}.Debug|x86.ActiveCfg = Debug|Any CPU
		{D4169977-D8B2-4EA1-9444-EF66E17A6F58}.Release|Any CPU.ActiveCfg = Release|Any CPU
		{D4169977-D8B2-4EA1-9444-EF66E17A6F58}.Release|Any CPU.Build.0 = Release|Any CPU
		{D4169977-D8B2-4EA1-9444-EF66E17A6F58}.Release|x64.ActiveCfg = Release|Any CPU
		{D4169977-D8B2-4EA1-9444-EF66E17A6F58}.Release|x86.ActiveCfg = Release|Any CPU
		{3E91556C-A024-40B0-91BC-A536F689A378}.Debug|Any CPU.ActiveCfg = Debug|Any CPU
		{3E91556C-A024-40B0-91BC-A536F689A378}.Debug|Any CPU.Build.0 = Debug|Any CPU
		{3E91556C-A024-40B0-91BC-A536F689A378}.Debug|x64.ActiveCfg = Debug|Any CPU
		{3E91556C-A024-40B0-91BC-A536F689A378}.Debug|x64.Build.0 = Debug|Any CPU
		{3E91556C-A024-40B0-91BC-A536F689A378}.Debug|x86.ActiveCfg = Debug|x86
		{3E91556C-A024-40B0-91BC-A536F689A378}.Debug|x86.Build.0 = Debug|x86
		{3E91556C-A024-40B0-91BC-A536F689A378}.Release|Any CPU.ActiveCfg = Release|Any CPU
		{3E91556C-A024-40B0-91BC-A536F689A378}.Release|Any CPU.Build.0 = Release|Any CPU
		{3E91556C-A024-40B0-91BC-A536F689A378}.Release|x64.ActiveCfg = Release|x64
		{3E91556C-A024-40B0-91BC-A536F689A378}.Release|x64.Build.0 = Release|x64
		{3E91556C-A024-40B0-91BC-A536F689A378}.Release|x86.ActiveCfg = Release|x86
		{3E91556C-A024-40B0-91BC-A536F689A378}.Release|x86.Build.0 = Release|x86
	EndGlobalSection
	GlobalSection(SolutionProperties) = preSolution
		HideSolutionNode = FALSE
	EndGlobalSection
	GlobalSection(NestedProjects) = preSolution
		{7EDFA348-B24D-4E45-824C-BE5554073E07} = {F820F405-945D-4D2B-9F7D-9F153E551123}
		{D5BC8A0B-26F8-44D4-8051-5E37421AA7B7} = {6C630EF9-BA97-4AAD-9D77-B47B4DEC0D23}
		{90A98521-5842-4639-8738-F63D494CBC27} = {6C630EF9-BA97-4AAD-9D77-B47B4DEC0D23}
	EndGlobalSection
EndGlobal
